// !$*UTF8*$!
{
	archiveVersion = 1;
	classes = {
	};
	objectVersion = 46;
	objects = {

/* Begin PBXBuildFile section */
		3A344A781F4F53EC00B28C9D /* AppDelegate.swift in Sources */ = {isa = PBXBuildFile; fileRef = 3A344A771F4F53EC00B28C9D /* AppDelegate.swift */; };
		3A344A7D1F4F53EC00B28C9D /* Main.storyboard in Resources */ = {isa = PBXBuildFile; fileRef = 3A344A7B1F4F53EC00B28C9D /* Main.storyboard */; };
		3A344A801F4F53EC00B28C9D /* SABER.xcdatamodeld in Sources */ = {isa = PBXBuildFile; fileRef = 3A344A7E1F4F53EC00B28C9D /* SABER.xcdatamodeld */; };
		3A344A821F4F53EC00B28C9D /* Assets.xcassets in Resources */ = {isa = PBXBuildFile; fileRef = 3A344A811F4F53EC00B28C9D /* Assets.xcassets */; };
		3A344A851F4F53EC00B28C9D /* LaunchScreen.storyboard in Resources */ = {isa = PBXBuildFile; fileRef = 3A344A831F4F53EC00B28C9D /* LaunchScreen.storyboard */; };
		3A344A901F4F53EC00B28C9D /* SABERTests.swift in Sources */ = {isa = PBXBuildFile; fileRef = 3A344A8F1F4F53EC00B28C9D /* SABERTests.swift */; };
		3A344A9B1F4F53EC00B28C9D /* SABERUITests.swift in Sources */ = {isa = PBXBuildFile; fileRef = 3A344A9A1F4F53EC00B28C9D /* SABERUITests.swift */; };
		3A344AAF1F4F946B00B28C9D /* icon_saber.svg in Resources */ = {isa = PBXBuildFile; fileRef = 3A344AAE1F4F946B00B28C9D /* icon_saber.svg */; };
		3A344AB11F4F952B00B28C9D /* logo_saber.png in Resources */ = {isa = PBXBuildFile; fileRef = 3A344AB01F4F952B00B28C9D /* logo_saber.png */; };
		3A344AB51F4F95FC00B28C9D /* LoginViewController.swift in Sources */ = {isa = PBXBuildFile; fileRef = 3A344AB41F4F95FC00B28C9D /* LoginViewController.swift */; };
		3A344AB71F4FC44100B28C9D /* GetFunctions.swift in Sources */ = {isa = PBXBuildFile; fileRef = 3A344AB61F4FC44100B28C9D /* GetFunctions.swift */; };
		3A344ABA1F4FCDCE00B28C9D /* PostFunctions.swift in Sources */ = {isa = PBXBuildFile; fileRef = 3A344AB91F4FCDCE00B28C9D /* PostFunctions.swift */; };
		3A344ABC1F50B60700B28C9D /* ForumViewController.swift in Sources */ = {isa = PBXBuildFile; fileRef = 3A344ABB1F50B60700B28C9D /* ForumViewController.swift */; };
/* End PBXBuildFile section */

/* Begin PBXContainerItemProxy section */
		3A344A8C1F4F53EC00B28C9D /* PBXContainerItemProxy */ = {
			isa = PBXContainerItemProxy;
			containerPortal = 3A344A6C1F4F53EC00B28C9D /* Project object */;
			proxyType = 1;
			remoteGlobalIDString = 3A344A731F4F53EC00B28C9D;
			remoteInfo = SABER;
		};
		3A344A971F4F53EC00B28C9D /* PBXContainerItemProxy */ = {
			isa = PBXContainerItemProxy;
			containerPortal = 3A344A6C1F4F53EC00B28C9D /* Project object */;
			proxyType = 1;
			remoteGlobalIDString = 3A344A731F4F53EC00B28C9D;
			remoteInfo = SABER;
		};
/* End PBXContainerItemProxy section */

/* Begin PBXFileReference section */
		3A344A741F4F53EC00B28C9D /* SABER.app */ = {isa = PBXFileReference; explicitFileType = wrapper.application; includeInIndex = 0; path = SABER.app; sourceTree = BUILT_PRODUCTS_DIR; };
		3A344A771F4F53EC00B28C9D /* AppDelegate.swift */ = {isa = PBXFileReference; lastKnownFileType = sourcecode.swift; path = AppDelegate.swift; sourceTree = "<group>"; };
		3A344A7C1F4F53EC00B28C9D /* Base */ = {isa = PBXFileReference; lastKnownFileType = file.storyboard; name = Base; path = Base.lproj/Main.storyboard; sourceTree = "<group>"; };
		3A344A7F1F4F53EC00B28C9D /* SABER.xcdatamodel */ = {isa = PBXFileReference; lastKnownFileType = wrapper.xcdatamodel; path = SABER.xcdatamodel; sourceTree = "<group>"; };
		3A344A811F4F53EC00B28C9D /* Assets.xcassets */ = {isa = PBXFileReference; lastKnownFileType = folder.assetcatalog; path = Assets.xcassets; sourceTree = "<group>"; };
		3A344A841F4F53EC00B28C9D /* Base */ = {isa = PBXFileReference; lastKnownFileType = file.storyboard; name = Base; path = Base.lproj/LaunchScreen.storyboard; sourceTree = "<group>"; };
		3A344A861F4F53EC00B28C9D /* Info.plist */ = {isa = PBXFileReference; lastKnownFileType = text.plist.xml; path = Info.plist; sourceTree = "<group>"; };
		3A344A8B1F4F53EC00B28C9D /* SABERTests.xctest */ = {isa = PBXFileReference; explicitFileType = wrapper.cfbundle; includeInIndex = 0; path = SABERTests.xctest; sourceTree = BUILT_PRODUCTS_DIR; };
		3A344A8F1F4F53EC00B28C9D /* SABERTests.swift */ = {isa = PBXFileReference; lastKnownFileType = sourcecode.swift; path = SABERTests.swift; sourceTree = "<group>"; };
		3A344A911F4F53EC00B28C9D /* Info.plist */ = {isa = PBXFileReference; lastKnownFileType = text.plist.xml; path = Info.plist; sourceTree = "<group>"; };
		3A344A961F4F53EC00B28C9D /* SABERUITests.xctest */ = {isa = PBXFileReference; explicitFileType = wrapper.cfbundle; includeInIndex = 0; path = SABERUITests.xctest; sourceTree = BUILT_PRODUCTS_DIR; };
		3A344A9A1F4F53EC00B28C9D /* SABERUITests.swift */ = {isa = PBXFileReference; lastKnownFileType = sourcecode.swift; path = SABERUITests.swift; sourceTree = "<group>"; };
		3A344A9C1F4F53EC00B28C9D /* Info.plist */ = {isa = PBXFileReference; lastKnownFileType = text.plist.xml; path = Info.plist; sourceTree = "<group>"; };
		3A344AAE1F4F946B00B28C9D /* icon_saber.svg */ = {isa = PBXFileReference; fileEncoding = 4; lastKnownFileType = text.xml; name = icon_saber.svg; path = Assets.xcassets/icon_saber.svg; sourceTree = "<group>"; };
		3A344AB01F4F952B00B28C9D /* logo_saber.png */ = {isa = PBXFileReference; lastKnownFileType = image.png; name = logo_saber.png; path = Assets.xcassets/logo_saber.png; sourceTree = "<group>"; };
		3A344AB41F4F95FC00B28C9D /* LoginViewController.swift */ = {isa = PBXFileReference; fileEncoding = 4; lastKnownFileType = sourcecode.swift; path = LoginViewController.swift; sourceTree = "<group>"; };
		3A344AB61F4FC44100B28C9D /* GetFunctions.swift */ = {isa = PBXFileReference; fileEncoding = 4; lastKnownFileType = sourcecode.swift; path = GetFunctions.swift; sourceTree = "<group>"; };
		3A344AB91F4FCDCE00B28C9D /* PostFunctions.swift */ = {isa = PBXFileReference; fileEncoding = 4; lastKnownFileType = sourcecode.swift; path = PostFunctions.swift; sourceTree = "<group>"; };
		3A344ABB1F50B60700B28C9D /* ForumViewController.swift */ = {isa = PBXFileReference; fileEncoding = 4; lastKnownFileType = sourcecode.swift; path = ForumViewController.swift; sourceTree = "<group>"; };
/* End PBXFileReference section */

/* Begin PBXFrameworksBuildPhase section */
		3A344A711F4F53EC00B28C9D /* Frameworks */ = {
			isa = PBXFrameworksBuildPhase;
			buildActionMask = 2147483647;
			files = (
			);
			runOnlyForDeploymentPostprocessing = 0;
		};
		3A344A881F4F53EC00B28C9D /* Frameworks */ = {
			isa = PBXFrameworksBuildPhase;
			buildActionMask = 2147483647;
			files = (
			);
			runOnlyForDeploymentPostprocessing = 0;
		};
		3A344A931F4F53EC00B28C9D /* Frameworks */ = {
			isa = PBXFrameworksBuildPhase;
			buildActionMask = 2147483647;
			files = (
			);
			runOnlyForDeploymentPostprocessing = 0;
		};
/* End PBXFrameworksBuildPhase section */

/* Begin PBXGroup section */
		3A344A6B1F4F53EC00B28C9D = {
			isa = PBXGroup;
			children = (
				3A344A761F4F53EC00B28C9D /* SABER */,
				3A344A8E1F4F53EC00B28C9D /* SABERTests */,
				3A344A991F4F53EC00B28C9D /* SABERUITests */,
				3A344A751F4F53EC00B28C9D /* Products */,
			);
			sourceTree = "<group>";
		};
		3A344A751F4F53EC00B28C9D /* Products */ = {
			isa = PBXGroup;
			children = (
				3A344A741F4F53EC00B28C9D /* SABER.app */,
				3A344A8B1F4F53EC00B28C9D /* SABERTests.xctest */,
				3A344A961F4F53EC00B28C9D /* SABERUITests.xctest */,
			);
			name = Products;
			sourceTree = "<group>";
		};
		3A344A761F4F53EC00B28C9D /* SABER */ = {
			isa = PBXGroup;
			children = (
				3A344AA81F4F53FB00B28C9D /* Model */,
				3A344AA91F4F540300B28C9D /* View */,
				3A344AAA1F4F540C00B28C9D /* Controller */,
				3A344AAC1F4F54E100B28C9D /* Assets */,
				3A344AAD1F4F553200B28C9D /* Supporting Files */,
			);
			path = SABER;
			sourceTree = "<group>";
		};
		3A344A8E1F4F53EC00B28C9D /* SABERTests */ = {
			isa = PBXGroup;
			children = (
				3A344A8F1F4F53EC00B28C9D /* SABERTests.swift */,
				3A344A911F4F53EC00B28C9D /* Info.plist */,
			);
			path = SABERTests;
			sourceTree = "<group>";
		};
		3A344A991F4F53EC00B28C9D /* SABERUITests */ = {
			isa = PBXGroup;
			children = (
				3A344A9A1F4F53EC00B28C9D /* SABERUITests.swift */,
				3A344A9C1F4F53EC00B28C9D /* Info.plist */,
			);
			path = SABERUITests;
			sourceTree = "<group>";
		};
		3A344AA81F4F53FB00B28C9D /* Model */ = {
			isa = PBXGroup;
			children = (
				3A344AB61F4FC44100B28C9D /* GetFunctions.swift */,
				3A344AB91F4FCDCE00B28C9D /* PostFunctions.swift */,
			);
			name = Model;
			sourceTree = "<group>";
		};
		3A344AA91F4F540300B28C9D /* View */ = {
			isa = PBXGroup;
			children = (
				3A344A7B1F4F53EC00B28C9D /* Main.storyboard */,
				3A344A831F4F53EC00B28C9D /* LaunchScreen.storyboard */,
			);
			name = View;
			sourceTree = "<group>";
		};
		3A344AAA1F4F540C00B28C9D /* Controller */ = {
			isa = PBXGroup;
			children = (
				3A344A771F4F53EC00B28C9D /* AppDelegate.swift */,
				3A344AB41F4F95FC00B28C9D /* LoginViewController.swift */,
				3A344ABB1F50B60700B28C9D /* ForumViewController.swift */,
			);
			name = Controller;
			sourceTree = "<group>";
		};
		3A344AAC1F4F54E100B28C9D /* Assets */ = {
			isa = PBXGroup;
			children = (
				3A344AB01F4F952B00B28C9D /* logo_saber.png */,
				3A344AAE1F4F946B00B28C9D /* icon_saber.svg */,
				3A344A811F4F53EC00B28C9D /* Assets.xcassets */,
			);
			name = Assets;
			sourceTree = "<group>";
		};
		3A344AAD1F4F553200B28C9D /* Supporting Files */ = {
			isa = PBXGroup;
			children = (
				3A344A861F4F53EC00B28C9D /* Info.plist */,
				3A344A7E1F4F53EC00B28C9D /* SABER.xcdatamodeld */,
			);
			name = "Supporting Files";
			sourceTree = "<group>";
		};
/* End PBXGroup section */

/* Begin PBXNativeTarget section */
		3A344A731F4F53EC00B28C9D /* SABER */ = {
			isa = PBXNativeTarget;
			buildConfigurationList = 3A344A9F1F4F53EC00B28C9D /* Build configuration list for PBXNativeTarget "SABER" */;
			buildPhases = (
				3A344A701F4F53EC00B28C9D /* Sources */,
				3A344A711F4F53EC00B28C9D /* Frameworks */,
				3A344A721F4F53EC00B28C9D /* Resources */,
			);
			buildRules = (
			);
			dependencies = (
			);
			name = SABER;
			productName = SABER;
			productReference = 3A344A741F4F53EC00B28C9D /* SABER.app */;
			productType = "com.apple.product-type.application";
		};
		3A344A8A1F4F53EC00B28C9D /* SABERTests */ = {
			isa = PBXNativeTarget;
			buildConfigurationList = 3A344AA21F4F53EC00B28C9D /* Build configuration list for PBXNativeTarget "SABERTests" */;
			buildPhases = (
				3A344A871F4F53EC00B28C9D /* Sources */,
				3A344A881F4F53EC00B28C9D /* Frameworks */,
				3A344A891F4F53EC00B28C9D /* Resources */,
			);
			buildRules = (
			);
			dependencies = (
				3A344A8D1F4F53EC00B28C9D /* PBXTargetDependency */,
			);
			name = SABERTests;
			productName = SABERTests;
			productReference = 3A344A8B1F4F53EC00B28C9D /* SABERTests.xctest */;
			productType = "com.apple.product-type.bundle.unit-test";
		};
		3A344A951F4F53EC00B28C9D /* SABERUITests */ = {
			isa = PBXNativeTarget;
			buildConfigurationList = 3A344AA51F4F53EC00B28C9D /* Build configuration list for PBXNativeTarget "SABERUITests" */;
			buildPhases = (
				3A344A921F4F53EC00B28C9D /* Sources */,
				3A344A931F4F53EC00B28C9D /* Frameworks */,
				3A344A941F4F53EC00B28C9D /* Resources */,
			);
			buildRules = (
			);
			dependencies = (
				3A344A981F4F53EC00B28C9D /* PBXTargetDependency */,
			);
			name = SABERUITests;
			productName = SABERUITests;
			productReference = 3A344A961F4F53EC00B28C9D /* SABERUITests.xctest */;
			productType = "com.apple.product-type.bundle.ui-testing";
		};
/* End PBXNativeTarget section */

/* Begin PBXProject section */
		3A344A6C1F4F53EC00B28C9D /* Project object */ = {
			isa = PBXProject;
			attributes = {
				LastSwiftUpdateCheck = 0810;
				LastUpgradeCheck = 0810;
				ORGANIZATIONNAME = "Paulo ";
				TargetAttributes = {
					3A344A731F4F53EC00B28C9D = {
						CreatedOnToolsVersion = 8.1;
						DevelopmentTeam = 7N3UV54DCQ;
						ProvisioningStyle = Automatic;
					};
					3A344A8A1F4F53EC00B28C9D = {
						CreatedOnToolsVersion = 8.1;
						DevelopmentTeam = 7N3UV54DCQ;
						ProvisioningStyle = Automatic;
						TestTargetID = 3A344A731F4F53EC00B28C9D;
					};
					3A344A951F4F53EC00B28C9D = {
						CreatedOnToolsVersion = 8.1;
						DevelopmentTeam = 7N3UV54DCQ;
						ProvisioningStyle = Automatic;
						TestTargetID = 3A344A731F4F53EC00B28C9D;
					};
				};
			};
			buildConfigurationList = 3A344A6F1F4F53EC00B28C9D /* Build configuration list for PBXProject "SABER" */;
			compatibilityVersion = "Xcode 3.2";
			developmentRegion = English;
			hasScannedForEncodings = 0;
			knownRegions = (
				en,
				Base,
			);
			mainGroup = 3A344A6B1F4F53EC00B28C9D;
			productRefGroup = 3A344A751F4F53EC00B28C9D /* Products */;
			projectDirPath = "";
			projectRoot = "";
			targets = (
				3A344A731F4F53EC00B28C9D /* SABER */,
				3A344A8A1F4F53EC00B28C9D /* SABERTests */,
				3A344A951F4F53EC00B28C9D /* SABERUITests */,
			);
		};
/* End PBXProject section */

/* Begin PBXResourcesBuildPhase section */
		3A344A721F4F53EC00B28C9D /* Resources */ = {
			isa = PBXResourcesBuildPhase;
			buildActionMask = 2147483647;
			files = (
				3A344A851F4F53EC00B28C9D /* LaunchScreen.storyboard in Resources */,
				3A344AAF1F4F946B00B28C9D /* icon_saber.svg in Resources */,
				3A344A821F4F53EC00B28C9D /* Assets.xcassets in Resources */,
				3A344A7D1F4F53EC00B28C9D /* Main.storyboard in Resources */,
				3A344AB11F4F952B00B28C9D /* logo_saber.png in Resources */,
			);
			runOnlyForDeploymentPostprocessing = 0;
		};
		3A344A891F4F53EC00B28C9D /* Resources */ = {
			isa = PBXResourcesBuildPhase;
			buildActionMask = 2147483647;
			files = (
			);
			runOnlyForDeploymentPostprocessing = 0;
		};
		3A344A941F4F53EC00B28C9D /* Resources */ = {
			isa = PBXResourcesBuildPhase;
			buildActionMask = 2147483647;
			files = (
			);
			runOnlyForDeploymentPostprocessing = 0;
		};
/* End PBXResourcesBuildPhase section */

/* Begin PBXSourcesBuildPhase section */
		3A344A701F4F53EC00B28C9D /* Sources */ = {
			isa = PBXSourcesBuildPhase;
			buildActionMask = 2147483647;
			files = (
				3A344AB51F4F95FC00B28C9D /* LoginViewController.swift in Sources */,
				3A344ABA1F4FCDCE00B28C9D /* PostFunctions.swift in Sources */,
				3A344ABC1F50B60700B28C9D /* ForumViewController.swift in Sources */,
				3A344A781F4F53EC00B28C9D /* AppDelegate.swift in Sources */,
				3A344AB71F4FC44100B28C9D /* GetFunctions.swift in Sources */,
				3A344A801F4F53EC00B28C9D /* SABER.xcdatamodeld in Sources */,
			);
			runOnlyForDeploymentPostprocessing = 0;
		};
		3A344A871F4F53EC00B28C9D /* Sources */ = {
			isa = PBXSourcesBuildPhase;
			buildActionMask = 2147483647;
			files = (
				3A344A901F4F53EC00B28C9D /* SABERTests.swift in Sources */,
			);
			runOnlyForDeploymentPostprocessing = 0;
		};
		3A344A921F4F53EC00B28C9D /* Sources */ = {
			isa = PBXSourcesBuildPhase;
			buildActionMask = 2147483647;
			files = (
				3A344A9B1F4F53EC00B28C9D /* SABERUITests.swift in Sources */,
			);
			runOnlyForDeploymentPostprocessing = 0;
		};
/* End PBXSourcesBuildPhase section */

/* Begin PBXTargetDependency section */
		3A344A8D1F4F53EC00B28C9D /* PBXTargetDependency */ = {
			isa = PBXTargetDependency;
			target = 3A344A731F4F53EC00B28C9D /* SABER */;
			targetProxy = 3A344A8C1F4F53EC00B28C9D /* PBXContainerItemProxy */;
		};
		3A344A981F4F53EC00B28C9D /* PBXTargetDependency */ = {
			isa = PBXTargetDependency;
			target = 3A344A731F4F53EC00B28C9D /* SABER */;
			targetProxy = 3A344A971F4F53EC00B28C9D /* PBXContainerItemProxy */;
		};
/* End PBXTargetDependency section */

/* Begin PBXVariantGroup section */
		3A344A7B1F4F53EC00B28C9D /* Main.storyboard */ = {
			isa = PBXVariantGroup;
			children = (
				3A344A7C1F4F53EC00B28C9D /* Base */,
			);
			name = Main.storyboard;
			sourceTree = "<group>";
		};
		3A344A831F4F53EC00B28C9D /* LaunchScreen.storyboard */ = {
			isa = PBXVariantGroup;
			children = (
				3A344A841F4F53EC00B28C9D /* Base */,
			);
			name = LaunchScreen.storyboard;
			sourceTree = "<group>";
		};
/* End PBXVariantGroup section */

/* Begin XCBuildConfiguration section */
		3A344A9D1F4F53EC00B28C9D /* Debug */ = {
			isa = XCBuildConfiguration;
			buildSettings = {
				ALWAYS_SEARCH_USER_PATHS = NO;
				CLANG_ANALYZER_NONNULL = YES;
				CLANG_CXX_LANGUAGE_STANDARD = "gnu++0x";
				CLANG_CXX_LIBRARY = "libc++";
				CLANG_ENABLE_MODULES = YES;
				CLANG_ENABLE_OBJC_ARC = YES;
				CLANG_WARN_BOOL_CONVERSION = YES;
				CLANG_WARN_CONSTANT_CONVERSION = YES;
				CLANG_WARN_DIRECT_OBJC_ISA_USAGE = YES_ERROR;
				CLANG_WARN_DOCUMENTATION_COMMENTS = YES;
				CLANG_WARN_EMPTY_BODY = YES;
				CLANG_WARN_ENUM_CONVERSION = YES;
				CLANG_WARN_INFINITE_RECURSION = YES;
				CLANG_WARN_INT_CONVERSION = YES;
				CLANG_WARN_OBJC_ROOT_CLASS = YES_ERROR;
				CLANG_WARN_SUSPICIOUS_MOVES = YES;
				CLANG_WARN_UNREACHABLE_CODE = YES;
				CLANG_WARN__DUPLICATE_METHOD_MATCH = YES;
				"CODE_SIGN_IDENTITY[sdk=iphoneos*]" = "iPhone Developer";
				COPY_PHASE_STRIP = NO;
				DEBUG_INFORMATION_FORMAT = dwarf;
				ENABLE_STRICT_OBJC_MSGSEND = YES;
				ENABLE_TESTABILITY = YES;
				GCC_C_LANGUAGE_STANDARD = gnu99;
				GCC_DYNAMIC_NO_PIC = NO;
				GCC_NO_COMMON_BLOCKS = YES;
				GCC_OPTIMIZATION_LEVEL = 0;
				GCC_PREPROCESSOR_DEFINITIONS = (
					"DEBUG=1",
					"$(inherited)",
				);
				GCC_WARN_64_TO_32_BIT_CONVERSION = YES;
				GCC_WARN_ABOUT_RETURN_TYPE = YES_ERROR;
				GCC_WARN_UNDECLARED_SELECTOR = YES;
				GCC_WARN_UNINITIALIZED_AUTOS = YES_AGGRESSIVE;
				GCC_WARN_UNUSED_FUNCTION = YES;
				GCC_WARN_UNUSED_VARIABLE = YES;
				IPHONEOS_DEPLOYMENT_TARGET = 10.1;
				MTL_ENABLE_DEBUG_INFO = YES;
				ONLY_ACTIVE_ARCH = YES;
				SDKROOT = iphoneos;
				SWIFT_ACTIVE_COMPILATION_CONDITIONS = DEBUG;
				SWIFT_OPTIMIZATION_LEVEL = "-Onone";
			};
			name = Debug;
		};
		3A344A9E1F4F53EC00B28C9D /* Release */ = {
			isa = XCBuildConfiguration;
			buildSettings = {
				ALWAYS_SEARCH_USER_PATHS = NO;
				CLANG_ANALYZER_NONNULL = YES;
				CLANG_CXX_LANGUAGE_STANDARD = "gnu++0x";
				CLANG_CXX_LIBRARY = "libc++";
				CLANG_ENABLE_MODULES = YES;
				CLANG_ENABLE_OBJC_ARC = YES;
				CLANG_WARN_BOOL_CONVERSION = YES;
				CLANG_WARN_CONSTANT_CONVERSION = YES;
				CLANG_WARN_DIRECT_OBJC_ISA_USAGE = YES_ERROR;
				CLANG_WARN_DOCUMENTATION_COMMENTS = YES;
				CLANG_WARN_EMPTY_BODY = YES;
				CLANG_WARN_ENUM_CONVERSION = YES;
				CLANG_WARN_INFINITE_RECURSION = YES;
				CLANG_WARN_INT_CONVERSION = YES;
				CLANG_WARN_OBJC_ROOT_CLASS = YES_ERROR;
				CLANG_WARN_SUSPICIOUS_MOVES = YES;
				CLANG_WARN_UNREACHABLE_CODE = YES;
				CLANG_WARN__DUPLICATE_METHOD_MATCH = YES;
				"CODE_SIGN_IDENTITY[sdk=iphoneos*]" = "iPhone Developer";
				COPY_PHASE_STRIP = NO;
				DEBUG_INFORMATION_FORMAT = "dwarf-with-dsym";
				ENABLE_NS_ASSERTIONS = NO;
				ENABLE_STRICT_OBJC_MSGSEND = YES;
				GCC_C_LANGUAGE_STANDARD = gnu99;
				GCC_NO_COMMON_BLOCKS = YES;
				GCC_WARN_64_TO_32_BIT_CONVERSION = YES;
				GCC_WARN_ABOUT_RETURN_TYPE = YES_ERROR;
				GCC_WARN_UNDECLARED_SELECTOR = YES;
				GCC_WARN_UNINITIALIZED_AUTOS = YES_AGGRESSIVE;
				GCC_WARN_UNUSED_FUNCTION = YES;
				GCC_WARN_UNUSED_VARIABLE = YES;
				IPHONEOS_DEPLOYMENT_TARGET = 10.1;
				MTL_ENABLE_DEBUG_INFO = NO;
				SDKROOT = iphoneos;
				SWIFT_OPTIMIZATION_LEVEL = "-Owholemodule";
				VALIDATE_PRODUCT = YES;
			};
			name = Release;
		};
		3A344AA01F4F53EC00B28C9D /* Debug */ = {
			isa = XCBuildConfiguration;
			buildSettings = {
				ASSETCATALOG_COMPILER_APPICON_NAME = AppIcon;
				DEVELOPMENT_TEAM = 7N3UV54DCQ;
				INFOPLIST_FILE = SABER/Info.plist;
				LD_RUNPATH_SEARCH_PATHS = "$(inherited) @executable_path/Frameworks";
				PRODUCT_BUNDLE_IDENTIFIER = RenatoPaulo.SABER;
				PRODUCT_NAME = "$(TARGET_NAME)";
				SWIFT_VERSION = 3.0;
			};
			name = Debug;
		};
		3A344AA11F4F53EC00B28C9D /* Release */ = {
			isa = XCBuildConfiguration;
			buildSettings = {
				ASSETCATALOG_COMPILER_APPICON_NAME = AppIcon;
				DEVELOPMENT_TEAM = 7N3UV54DCQ;
				INFOPLIST_FILE = SABER/Info.plist;
				LD_RUNPATH_SEARCH_PATHS = "$(inherited) @executable_path/Frameworks";
				PRODUCT_BUNDLE_IDENTIFIER = RenatoPaulo.SABER;
				PRODUCT_NAME = "$(TARGET_NAME)";
				SWIFT_VERSION = 3.0;
			};
			name = Release;
		};
		3A344AA31F4F53EC00B28C9D /* Debug */ = {
			isa = XCBuildConfiguration;
			buildSettings = {
				ALWAYS_EMBED_SWIFT_STANDARD_LIBRARIES = YES;
				BUNDLE_LOADER = "$(TEST_HOST)";
				DEVELOPMENT_TEAM = 7N3UV54DCQ;
				INFOPLIST_FILE = SABERTests/Info.plist;
				LD_RUNPATH_SEARCH_PATHS = "$(inherited) @executable_path/Frameworks @loader_path/Frameworks";
				PRODUCT_BUNDLE_IDENTIFIER = RenatoPaulo.SABERTests;
				PRODUCT_NAME = "$(TARGET_NAME)";
				SWIFT_VERSION = 3.0;
				TEST_HOST = "$(BUILT_PRODUCTS_DIR)/SABER.app/SABER";
			};
			name = Debug;
		};
		3A344AA41F4F53EC00B28C9D /* Release */ = {
			isa = XCBuildConfiguration;
			buildSettings = {
				ALWAYS_EMBED_SWIFT_STANDARD_LIBRARIES = YES;
				BUNDLE_LOADER = "$(TEST_HOST)";
				DEVELOPMENT_TEAM = 7N3UV54DCQ;
				INFOPLIST_FILE = SABERTests/Info.plist;
				LD_RUNPATH_SEARCH_PATHS = "$(inherited) @executable_path/Frameworks @loader_path/Frameworks";
				PRODUCT_BUNDLE_IDENTIFIER = RenatoPaulo.SABERTests;
				PRODUCT_NAME = "$(TARGET_NAME)";
				SWIFT_VERSION = 3.0;
				TEST_HOST = "$(BUILT_PRODUCTS_DIR)/SABER.app/SABER";
			};
			name = Release;
		};
		3A344AA61F4F53EC00B28C9D /* Debug */ = {
			isa = XCBuildConfiguration;
			buildSettings = {
				ALWAYS_EMBED_SWIFT_STANDARD_LIBRARIES = YES;
				DEVELOPMENT_TEAM = 7N3UV54DCQ;
				INFOPLIST_FILE = SABERUITests/Info.plist;
				LD_RUNPATH_SEARCH_PATHS = "$(inherited) @executable_path/Frameworks @loader_path/Frameworks";
				PRODUCT_BUNDLE_IDENTIFIER = RenatoPaulo.SABERUITests;
				PRODUCT_NAME = "$(TARGET_NAME)";
				SWIFT_VERSION = 3.0;
				TEST_TARGET_NAME = SABER;
			};
			name = Debug;
		};
		3A344AA71F4F53EC00B28C9D /* Release */ = {
			isa = XCBuildConfiguration;
			buildSettings = {
				ALWAYS_EMBED_SWIFT_STANDARD_LIBRARIES = YES;
				DEVELOPMENT_TEAM = 7N3UV54DCQ;
				INFOPLIST_FILE = SABERUITests/Info.plist;
				LD_RUNPATH_SEARCH_PATHS = "$(inherited) @executable_path/Frameworks @loader_path/Frameworks";
				PRODUCT_BUNDLE_IDENTIFIER = RenatoPaulo.SABERUITests;
				PRODUCT_NAME = "$(TARGET_NAME)";
				SWIFT_VERSION = 3.0;
				TEST_TARGET_NAME = SABER;
			};
			name = Release;
		};
/* End XCBuildConfiguration section */

/* Begin XCConfigurationList section */
		3A344A6F1F4F53EC00B28C9D /* Build configuration list for PBXProject "SABER" */ = {
			isa = XCConfigurationList;
			buildConfigurations = (
				3A344A9D1F4F53EC00B28C9D /* Debug */,
				3A344A9E1F4F53EC00B28C9D /* Release */,
			);
			defaultConfigurationIsVisible = 0;
			defaultConfigurationName = Release;
		};
		3A344A9F1F4F53EC00B28C9D /* Build configuration list for PBXNativeTarget "SABER" */ = {
			isa = XCConfigurationList;
			buildConfigurations = (
				3A344AA01F4F53EC00B28C9D /* Debug */,
				3A344AA11F4F53EC00B28C9D /* Release */,
			);
			defaultConfigurationIsVisible = 0;
			defaultConfigurationName = Release;
		};
		3A344AA21F4F53EC00B28C9D /* Build configuration list for PBXNativeTarget "SABERTests" */ = {
			isa = XCConfigurationList;
			buildConfigurations = (
				3A344AA31F4F53EC00B28C9D /* Debug */,
				3A344AA41F4F53EC00B28C9D /* Release */,
			);
			defaultConfigurationIsVisible = 0;
			defaultConfigurationName = Release;
		};
		3A344AA51F4F53EC00B28C9D /* Build configuration list for PBXNativeTarget "SABERUITests" */ = {
			isa = XCConfigurationList;
			buildConfigurations = (
				3A344AA61F4F53EC00B28C9D /* Debug */,
				3A344AA71F4F53EC00B28C9D /* Release */,
			);
			defaultConfigurationIsVisible = 0;
			defaultConfigurationName = Release;
		};
/* End XCConfigurationList section */

/* Begin XCVersionGroup section */
		3A344A7E1F4F53EC00B28C9D /* SABER.xcdatamodeld */ = {
			isa = XCVersionGroup;
			children = (
				3A344A7F1F4F53EC00B28C9D /* SABER.xcdatamodel */,
			);
			currentVersion = 3A344A7F1F4F53EC00B28C9D /* SABER.xcdatamodel */;
			path = SABER.xcdatamodeld;
			sourceTree = "<group>";
			versionGroupType = wrapper.xcdatamodel;
		};
/* End XCVersionGroup section */
	};
	rootObject = 3A344A6C1F4F53EC00B28C9D /* Project object */;
}
